
Microsoft Visual Studio Solution File, Format Version 12.00
# Visual Studio 15
VisualStudioVersion = 15.0.28307.329
MinimumVisualStudioVersion = 10.0.40219.1
Project("{FAE04EC0-301F-11D3-BF4B-00C04F79EFBC}") = "1", "1\1.csproj", "{2B415692-BE55-4DDC-9F56-9D246127A6DC}"
EndProject
Project("{FAE04EC0-301F-11D3-BF4B-00C04F79EFBC}") = "2", "2\2.csproj", "{06612783-0E9C-4C92-9B0A-9A455D5BB366}"
EndProject
Project("{FAE04EC0-301F-11D3-BF4B-00C04F79EFBC}") = "3", "3\3.csproj", "{207E59D2-1DF4-43B5-95DB-614B8F6A3876}"
EndProject
Project("{FAE04EC0-301F-11D3-BF4B-00C04F79EFBC}") = "4", "ConsoleApp1\4.csproj", "{BB37D0C4-0C82-4162-B532-2E2D46549098}"
EndProject
Global
	GlobalSection(SolutionConfigurationPlatforms) = preSolution
		Debug|Any CPU = Debug|Any CPU
		Release|Any CPU = Release|Any CPU
	EndGlobalSection
	GlobalSection(ProjectConfigurationPlatforms) = postSolution
		{2B415692-BE55-4DDC-9F56-9D246127A6DC}.Debug|Any CPU.ActiveCfg = Debug|Any CPU
		{2B415692-BE55-4DDC-9F56-9D246127A6DC}.Debug|Any CPU.Build.0 = Debug|Any CPU
		{2B415692-BE55-4DDC-9F56-9D246127A6DC}.Release|Any CPU.ActiveCfg = Release|Any CPU
		{2B415692-BE55-4DDC-9F56-9D246127A6DC}.Release|Any CPU.Build.0 = Release|Any CPU
		{06612783-0E9C-4C92-9B0A-9A455D5BB366}.Debug|Any CPU.ActiveCfg = Debug|Any CPU
		{06612783-0E9C-4C92-9B0A-9A455D5BB366}.Debug|Any CPU.Build.0 = Debug|Any CPU
		{06612783-0E9C-4C92-9B0A-9A455D5BB366}.Release|Any CPU.ActiveCfg = Release|Any CPU
		{06612783-0E9C-4C92-9B0A-9A455D5BB366}.Release|Any CPU.Build.0 = Release|Any CPU
		{207E59D2-1DF4-43B5-95DB-614B8F6A3876}.Debug|Any CPU.ActiveCfg = Debug|Any CPU
		{207E59D2-1DF4-43B5-95DB-614B8F6A3876}.Debug|Any CPU.Build.0 = Debug|Any CPU
		{207E59D2-1DF4-43B5-95DB-614B8F6A3876}.Release|Any CPU.ActiveCfg = Release|Any CPU
		{207E59D2-1DF4-43B5-95DB-614B8F6A3876}.Release|Any CPU.Build.0 = Release|Any CPU
		{BB37D0C4-0C82-4162-B532-2E2D46549098}.Debug|Any CPU.ActiveCfg = Debug|Any CPU
		{BB37D0C4-0C82-4162-B532-2E2D46549098}.Debug|Any CPU.Build.0 = Debug|Any CPU
		{BB37D0C4-0C82-4162-B532-2E2D46549098}.Release|Any CPU.ActiveCfg = Release|Any CPU
		{BB37D0C4-0C82-4162-B532-2E2D46549098}.Release|Any CPU.Build.0 = Release|Any CPU
	EndGlobalSection
	GlobalSection(SolutionProperties) = preSolution
		HideSolutionNode = FALSE
	EndGlobalSection
	GlobalSection(ExtensibilityGlobals) = postSolution
		SolutionGuid = {1896DA93-D525-4E56-A6C9-0D814DA84C4D}
	EndGlobalSection
EndGlobal
